{
  "name": "genethub-ci-agent-clis",
  "version": "0.0.0",
  "lockfileVersion": 3,
  "requires": true,
  "packages": {
    "": {
      "name": "genethub-ci-agent-clis",
      "version": "0.0.0",
      "dependencies": {
        "@anthropic-ai/claude-code": "2.1.220",
        "opencode-ai": "1.18.13"
      },
      "engines": {
        "node": ">=22"
      }
    },
    "node_modules/@anthropic-ai/claude-code": {
      "version": "2.1.220",
      "resolved": "https://registry.npmjs.org/@anthropic-ai/claude-code/-/claude-code-2.1.220.tgz",
      "integrity": "sha512-ogBrvwkqF9f8okmnXKxmRNHuvtFxFEffe5pWdqOV3iQDxlUOKirFqnyWC7NGXXnDA4WkkbPH8pvSbwyCR2Auyw==",
      "hasInstallScript": true,
      "license": "SEE LICENSE IN README.md",
      "bin": {
        "claude": "bin/claude.exe"
      },
      "engines": {
        "node": ">=22.0.0"
      },
      "optionalDependencies": {
        "@anthropic-ai/claude-code-darwin-arm64": "2.1.220",
        "@anthropic-ai/claude-code-darwin-x64": "2.1.220",
        "@anthropic-ai/claude-code-linux-arm64": "2.1.220",
        "@anthropic-ai/claude-code-linux-arm64-musl": "2.1.220",
        "@anthropic-ai/claude-code-linux-x64": "2.1.220",
        "@anthropic-ai/claude-code-linux-x64-musl": "2.1.220",
        "@anthropic-ai/claude-code-win32-arm64": "2.1.220",
        "@anthropic-ai/claude-code-win32-x64": "2.1.220"
      }
    },
    "node_modules/@anthropic-ai/claude-code-darwin-arm64": {
      "version": "2.1.220",
      "resolved": "https://registry.npmjs.org/@anthropic-ai/claude-code-darwin-arm64/-/claude-code-darwin-arm64-2.1.220.tgz",
      "integrity": "sha512-rmtd41Bf+n+YnhjSjtQ8WG5qy8KKogUp3YRfQrkLsTgPUD0H3j869rBInBJT3SHrKQ0hLghQLGM73CC1C+USLQ==",
      "cpu": [
        "arm64"
      ],
      "license": "SEE LICENSE IN LICENSE.md",
      "optional": true,
      "os": [
        "darwin"
      ]
    },
    "node_modules/@anthropic-ai/claude-code-darwin-x64": {
      "version": "2.1.220",
      "resolved": "https://registry.npmjs.org/@anthropic-ai/claude-code-darwin-x64/-/claude-code-darwin-x64-2.1.220.tgz",
      "integrity": "sha512-hbuoG+YCo37VzSKzKJ47ymRmt/YjASc3dRcsZtCcftLYdopv8KL889x/IbCl3cfp/VqV2rRDZ0f3aUDpHUFweQ==",
      "cpu": [
        "x64"
      ],
      "license": "SEE LICENSE IN LICENSE.md",
      "optional": true,
      "os": [
        "darwin"
      ]
    },
    "node_modules/@anthropic-ai/claude-code-linux-arm64": {
      "version": "2.1.220",
      "resolved": "https://registry.npmjs.org/@anthropic-ai/claude-code-linux-arm64/-/claude-code-linux-arm64-2.1.220.tgz",
      "integrity": "sha512-VHFI8mKruIntKn7eq81sbyS19/KWmQcmJQsS/C+j9M/E+w0s4UytgsL7DADPjBE/GByNiKoRtLYDMntCjRlOdA==",
      "cpu": [
        "arm64"
      ],
      "license": "SEE LICENSE IN LICENSE.md",
      "optional": true,
      "os": [
        "linux"
      ]
    },
    "node_modules/@anthropic-ai/claude-code-linux-arm64-musl": {
      "version": "2.1.220",
      "resolved": "https://registry.npmjs.org/@anthropic-ai/claude-code-linux-arm64-musl/-/claude-code-linux-arm64-musl-2.1.220.tgz",
      "integrity": "sha512-m37ALw8jcbSknuyG7xDQjGPY7Gth3eX8iFY1XFEWABVq1iUMVAUn96WC9eqwi8/JSqyG2t3oNRiqHdi2ZNKFGQ==",
      "cpu": [
        "arm64"
      ],
      "license": "SEE LICENSE IN LICENSE.md",
      "optional": true,
      "os": [
        "linux"
      ]
    },
    "node_modules/@anthropic-ai/claude-code-linux-x64": {
      "version": "2.1.220",
      "resolved": "https://registry.npmjs.org/@anthropic-ai/claude-code-linux-x64/-/claude-code-linux-x64-2.1.220.tgz",
      "integrity": "sha512-3CGFCnI0gpgsqNeJruFALBDGJaKXOuok3alQEg56ty2yOPpIrOx/r2Y0+T4uhJl7kP5Hzw4IFkxo4DZKWvzQ7Q==",
      "cpu": [
        "x64"
      ],
      "license": "SEE LICENSE IN LICENSE.md",
      "optional": true,
      "os": [
        "linux"
      ]
    },
    "node_modules/@anthropic-ai/claude-code-linux-x64-musl": {
      "version": "2.1.220",
      "resolved": "https://registry.npmjs.org/@anthropic-ai/claude-code-linux-x64-musl/-/claude-code-linux-x64-musl-2.1.220.tgz",
      "integrity": "sha512-+QyT1KikOdMRKReWFaBYGsroYx2vEjjx54DwhMoC24oE1DxjC+SlKjeOTRXAKiu0fr0O549Lkhg2tuT5xtQpAQ==",
      "cpu": [
        "x64"
      ],
      "license": "SEE LICENSE IN LICENSE.md",
      "optional": true,
      "os": [
        "linux"
      ]
    },
    "node_modules/@anthropic-ai/claude-code-win32-arm64": {
      "version": "2.1.220",
      "resolved": "https://registry.npmjs.org/@anthropic-ai/claude-code-win32-arm64/-/claude-code-win32-arm64-2.1.220.tgz",
      "integrity": "sha512-APqZwFBn38DBUwB65uUTetW7lbtUqFfAfOWKvkmOyqFDswDEsInaINuIwqMCl44WYcch10SaHhEZdXJU9MG3aQ==",
      "cpu": [
        "arm64"
      ],
      "license": "SEE LICENSE IN LICENSE.md",
      "optional": true,
      "os": [
        "win32"
      ]
    },
    "node_modules/@anthropic-ai/claude-code-win32-x64": {
      "version": "2.1.220",
      "resolved": "https://registry.npmjs.org/@anthropic-ai/claude-code-win32-x64/-/claude-code-win32-x64-2.1.220.tgz",
      "integrity": "sha512-UGrjH8cGhC6PzhTyZSdgf/RpKxpfk9XJZ/RT/wsG2AJg9yEJLjLg6/TrnlL8RFbEv6Zahu0Quytc02UOpA/GiA==",
      "cpu": [
        "x64"
      ],
      "license": "SEE LICENSE IN LICENSE.md",
      "optional": true,
      "os": [
        "win32"
      ]
    },
    "node_modules/opencode-ai": {
      "version": "1.18.13",
      "resolved": "https://registry.npmjs.org/opencode-ai/-/opencode-ai-1.18.13.tgz",
      "integrity": "sha512-HYmBizm5vyAqqYuKzhpleRdEKwh7TeFSeA4f/Edl0F8OSPnbLi3DaXNMtmtsL13e2/994M9JoIz11yrVNdoAfA==",
      "cpu": [
        "arm64",
        "x64"
      ],
      "hasInstallScript": true,
      "license": "MIT",
      "os": [
        "darwin",
        "linux",
        "win32"
      ],
      "bin": {
        "opencode": "bin/opencode.exe"
      },
      "optionalDependencies": {
        "opencode-darwin-arm64": "1.18.13",
        "opencode-darwin-x64": "1.18.13",
        "opencode-darwin-x64-baseline": "1.18.13",
        "opencode-linux-arm64": "1.18.13",
        "opencode-linux-arm64-musl": "1.18.13",
        "opencode-linux-x64": "1.18.13",
        "opencode-linux-x64-baseline": "1.18.13",
        "opencode-linux-x64-baseline-musl": "1.18.13",
        "opencode-linux-x64-musl": "1.18.13",
        "opencode-windows-arm64": "1.18.13",
        "opencode-windows-x64": "1.18.13",
        "opencode-windows-x64-baseline": "1.18.13"
      }
    },
    "node_modules/opencode-darwin-arm64": {
      "version": "1.18.13",
      "resolved": "https://registry.npmjs.org/opencode-darwin-arm64/-/opencode-darwin-arm64-1.18.13.tgz",
      "integrity": "sha512-HFUaRYnGYT6ESuiaP2sY52gqxMbeB25hLYLBpoQE47V5ytc3yGrTp8BocdW6ci9rTnb3f36XUDZEdg3GWdc/Nw==",
      "cpu": [
        "arm64"
      ],
      "optional": true,
      "os": [
        "darwin"
      ]
    },
    "node_modules/opencode-darwin-x64": {
      "version": "1.18.13",
      "resolved": "https://registry.npmjs.org/opencode-darwin-x64/-/opencode-darwin-x64-1.18.13.tgz",
      "integrity": "sha512-v1n/X/f7u6+OB0n9sloYB7ilhZsfzc16AuiOrpoAi1hXi58u2wIAflySj0qvVo8hB9IY/y+UhZr2JLJ0vJb/pg==",
      "cpu": [
        "x64"
      ],
      "optional": true,
      "os": [
        "darwin"
      ]
    },
    "node_modules/opencode-darwin-x64-baseline": {
      "version": "1.18.13",
      "resolved": "https://registry.npmjs.org/opencode-darwin-x64-baseline/-/opencode-darwin-x64-baseline-1.18.13.tgz",
      "integrity": "sha512-NvVJ1MLvGx9VW3AqDBBpD4GbN4lN8dDJMcHBpYG03xUsQIG16E6r2063cQ05aLG1MnxsoN+wtSIrFZCpDoV8cQ==",
      "cpu": [
        "x64"
      ],
      "optional": true,
      "os": [
        "darwin"
      ]
    },
    "node_modules/opencode-linux-arm64": {
      "version": "1.18.13",
      "resolved": "https://registry.npmjs.org/opencode-linux-arm64/-/opencode-linux-arm64-1.18.13.tgz",
      "integrity": "sha512-kYIsbUtsr7HQB8+e59mXXy/LcY+vGm0LsO1kVT+PmkVDCxPlCK+v+5ZjeAJVnYphLJepsZgVBY0rlpEg+tNx/Q==",
      "cpu": [
        "arm64"
      ],
      "optional": true,
      "os": [
        "linux"
      ]
    },
    "node_modules/opencode-linux-arm64-musl": {
      "version": "1.18.13",
      "resolved": "https://registry.npmjs.org/opencode-linux-arm64-musl/-/opencode-linux-arm64-musl-1.18.13.tgz",
      "integrity": "sha512-3ml3SvgBMxr11YF93jC39UfT2ti/KkQ6z8xZCZtf8q9WNAYeynPorxQDII4tCS2djLfulLiUQMqKjiD7UiHzLQ==",
      "cpu": [
        "arm64"
      ],
      "optional": true,
      "os": [
        "linux"
      ]
    },
    "node_modules/opencode-linux-x64": {
      "version": "1.18.13",
      "resolved": "https://registry.npmjs.org/opencode-linux-x64/-/opencode-linux-x64-1.18.13.tgz",
      "integrity": "sha512-WVB/FwFdG4NLqEdraW264/q5WFiUDTwU4hDN/6qSLamsCV+SUurZhDOrmXC/5atNWZE1B6xEq5E8V60dAduKZg==",
      "cpu": [
        "x64"
      ],
      "optional": true,
      "os": [
        "linux"
      ]
    },
    "node_modules/opencode-linux-x64-baseline": {
      "version": "1.18.13",
      "resolved": "https://registry.npmjs.org/opencode-linux-x64-baseline/-/opencode-linux-x64-baseline-1.18.13.tgz",
      "integrity": "sha512-axGp+AxLAN7H7GWhgHylUA/Q2DPhwNHhTHYNc4k9zCoZpK+bneAAojwJ36Ixv5p8xXPwlg2Ge9FJBRcFKpU2QA==",
      "cpu": [
        "x64"
      ],
      "optional": true,
      "os": [
        "linux"
      ]
    },
    "node_modules/opencode-linux-x64-baseline-musl": {
      "version": "1.18.13",
      "resolved": "https://registry.npmjs.org/opencode-linux-x64-baseline-musl/-/opencode-linux-x64-baseline-musl-1.18.13.tgz",
      "integrity": "sha512-6wyRWz9v5xCMln+72xLQpc8U/szvQzLe8Ptf5Um8fnX+c9mLP2Wmoqlb2mTc0I5scMnnarjhspK5+Nqk1dDtbg==",
      "cpu": [
        "x64"
      ],
      "optional": true,
      "os": [
        "linux"
      ]
    },
    "node_modules/opencode-linux-x64-musl": {
      "version": "1.18.13",
      "resolved": "https://registry.npmjs.org/opencode-linux-x64-musl/-/opencode-linux-x64-musl-1.18.13.tgz",
      "integrity": "sha512-YEJHcZKxXWitLpAIXUyqesrp/BAl6YpyOR+ottIVo7tLquDrQvLcFiL9N78CySKY4IXr2FF8SINDxfdDid7FCg==",
      "cpu": [
        "x64"
      ],
      "optional": true,
      "os": [
        "linux"
      ]
    },
    "node_modules/opencode-windows-arm64": {
      "version": "1.18.13",
      "resolved": "https://registry.npmjs.org/opencode-windows-arm64/-/opencode-windows-arm64-1.18.13.tgz",
      "integrity": "sha512-TenLz3xTdoJUorqCvHj+c/QI9afRB5FhK5CMAZDYzcFy9qlmRuBO68GG2Eqtdy7rchd+IrOxBd0cRuYbSDSsoA==",
      "cpu": [
        "arm64"
      ],
      "optional": true,
      "os": [
        "win32"
      ]
    },
    "node_modules/opencode-windows-x64": {
      "version": "1.18.13",
      "resolved": "https://registry.npmjs.org/opencode-windows-x64/-/opencode-windows-x64-1.18.13.tgz",
      "integrity": "sha512-PSSZWa6LgRwW6icsuMK3979gIZ7Fw9slc9m5Xr6gW8yAVOy22CsX2qq+aTIHWEj/9RaQweEHZPShLmsgoaOuJw==",
      "cpu": [
        "x64"
      ],
      "optional": true,
      "os": [
        "win32"
      ]
    },
    "node_modules/opencode-windows-x64-baseline": {
      "version": "1.18.13",
      "resolved": "https://registry.npmjs.org/opencode-windows-x64-baseline/-/opencode-windows-x64-baseline-1.18.13.tgz",
      "integrity": "sha512-yYOqfFHQGsifHB5Tpme1R/BIKIjklZlF8lEKUjhOBVHr11F8r9zD+qwo6r5US81LCJH/oiBHdUpttzSkzX3m7w==",
      "cpu": [
        "x64"
      ],
      "optional": true,
      "os": [
        "win32"
      ]
    }
  }
}
